
Microsoft Visual Studio Solution File, Format Version 12.00
# Visual Studio Version 17
VisualStudioVersion = 17.7.34024.191
MinimumVisualStudioVersion = 10.0.40219.1
Project("{9A19103F-16F7-4668-BE54-9A1E7A4F7556}") = "TaxCalculator", "TaxCalculator.csproj", "{FED7FBF8-FC78-4A4C-A317-B2977F067F17}"
EndProject
Project("{FAE04EC0-301F-11D3-BF4B-00C04F79EFBC}") = "TestProjects", "..\TestProjects\TestProjects.csproj", "{C1A10883-EF27-4D1E-BECA-E7B238F1E68C}"
EndProject
Global
	GlobalSection(SolutionConfigurationPlatforms) = preSolution
		Debug|Any CPU = Debug|Any CPU
		Release|Any CPU = Release|Any CPU
	EndGlobalSection
	GlobalSection(ProjectConfigurationPlatforms) = postSolution
		{FED7FBF8-FC78-4A4C-A317-B2977F067F17}.Debug|Any CPU.ActiveCfg = Debug|Any CPU
		{FED7FBF8-FC78-4A4C-A317-B2977F067F17}.Debug|Any CPU.Build.0 = Debug|Any CPU
		{FED7FBF8-FC78-4A4C-A317-B2977F067F17}.Release|Any CPU.ActiveCfg = Release|Any CPU
		{FED7FBF8-FC78-4A4C-A317-B2977F067F17}.Release|Any CPU.Build.0 = Release|Any CPU
		{C1A10883-EF27-4D1E-BECA-E7B238F1E68C}.Debug|Any CPU.ActiveCfg = Debug|Any CPU
		{C1A10883-EF27-4D1E-BECA-E7B238F1E68C}.Debug|Any CPU.Build.0 = Debug|Any CPU
		{C1A10883-EF27-4D1E-BECA-E7B238F1E68C}.Release|Any CPU.ActiveCfg = Release|Any CPU
		{C1A10883-EF27-4D1E-BECA-E7B238F1E68C}.Release|Any CPU.Build.0 = Release|Any CPU
	EndGlobalSection
	GlobalSection(SolutionProperties) = preSolution
		HideSolutionNode = FALSE
	EndGlobalSection
	GlobalSection(ExtensibilityGlobals) = postSolution
		SolutionGuid = {FB10D914-E0CE-4940-8C5C-B068A221EE74}
	EndGlobalSection
EndGlobal
